
Microsoft Visual Studio Solution File, Format Version 12.00
# Visual Studio 15
Project("{FAE04EC0-301F-11D3-BF4B-00C04F79EFBC}") = "VuforiaScripts", "VuforiaScripts.csproj", "{4C5657E8-87CC-B002-5E2F-93540E408363}"
EndProject
Project("{FAE04EC0-301F-11D3-BF4B-00C04F79EFBC}") = "VuforiaEditorScripts", "VuforiaEditorScripts.csproj", "{106B8FE7-15D9-1CF2-6F57-BBA2B5B211C7}"
EndProject
Global
	GlobalSection(SolutionConfigurationPlatforms) = preSolution
		Debug|Any CPU = Debug|Any CPU
		Release|Any CPU = Release|Any CPU
	EndGlobalSection
	GlobalSection(ProjectConfigurationPlatforms) = postSolution
		{4C5657E8-87CC-B002-5E2F-93540E408363}.Debug|Any CPU.ActiveCfg = Debug|Any CPU
		{4C5657E8-87CC-B002-5E2F-93540E408363}.Debug|Any CPU.Build.0 = Debug|Any CPU
		{4C5657E8-87CC-B002-5E2F-93540E408363}.Release|Any CPU.ActiveCfg = Release|Any CPU
		{4C5657E8-87CC-B002-5E2F-93540E408363}.Release|Any CPU.Build.0 = Release|Any CPU
		{106B8FE7-15D9-1CF2-6F57-BBA2B5B211C7}.Debug|Any CPU.ActiveCfg = Debug|Any CPU
		{106B8FE7-15D9-1CF2-6F57-BBA2B5B211C7}.Debug|Any CPU.Build.0 = Debug|Any CPU
		{106B8FE7-15D9-1CF2-6F57-BBA2B5B211C7}.Release|Any CPU.ActiveCfg = Release|Any CPU
		{106B8FE7-15D9-1CF2-6F57-BBA2B5B211C7}.Release|Any CPU.Build.0 = Release|Any CPU
	EndGlobalSection
	GlobalSection(SolutionProperties) = preSolution
		HideSolutionNode = FALSE
	EndGlobalSection
EndGlobal
